
Microsoft Visual Studio Solution File, Format Version 12.00
Project("{FAE04EC0-301F-11D3-BF4B-00C04F79EFBC}") = "Lovys.WebApp", "Lovys.WebApp\Lovys.WebApp.csproj", "{01314C85-0221-4BA7-908D-DA87C00D31FD}"
EndProject
Project("{FAE04EC0-301F-11D3-BF4B-00C04F79EFBC}") = "Lovys.Core", "Lovys.Core\Lovys.Core.csproj", "{3565F122-8F76-49B1-A319-545648B916C6}"
EndProject
Project("{FAE04EC0-301F-11D3-BF4B-00C04F79EFBC}") = "Lovys.WebApp.Test", "Lovys.WebApp.Test\Lovys.WebApp.Test.csproj", "{7A28325E-AFC7-45E1-A90F-B9EE7CA8B871}"
EndProject
Global
	GlobalSection(SolutionConfigurationPlatforms) = preSolution
		Debug|Any CPU = Debug|Any CPU
		Release|Any CPU = Release|Any CPU
	EndGlobalSection
	GlobalSection(ProjectConfigurationPlatforms) = postSolution
		{01314C85-0221-4BA7-908D-DA87C00D31FD}.Debug|Any CPU.ActiveCfg = Debug|Any CPU
		{01314C85-0221-4BA7-908D-DA87C00D31FD}.Debug|Any CPU.Build.0 = Debug|Any CPU
		{01314C85-0221-4BA7-908D-DA87C00D31FD}.Release|Any CPU.ActiveCfg = Release|Any CPU
		{01314C85-0221-4BA7-908D-DA87C00D31FD}.Release|Any CPU.Build.0 = Release|Any CPU
		{3565F122-8F76-49B1-A319-545648B916C6}.Debug|Any CPU.ActiveCfg = Debug|Any CPU
		{3565F122-8F76-49B1-A319-545648B916C6}.Debug|Any CPU.Build.0 = Debug|Any CPU
		{3565F122-8F76-49B1-A319-545648B916C6}.Release|Any CPU.ActiveCfg = Release|Any CPU
		{3565F122-8F76-49B1-A319-545648B916C6}.Release|Any CPU.Build.0 = Release|Any CPU
		{7A28325E-AFC7-45E1-A90F-B9EE7CA8B871}.Debug|Any CPU.ActiveCfg = Debug|Any CPU
		{7A28325E-AFC7-45E1-A90F-B9EE7CA8B871}.Debug|Any CPU.Build.0 = Debug|Any CPU
		{7A28325E-AFC7-45E1-A90F-B9EE7CA8B871}.Release|Any CPU.ActiveCfg = Release|Any CPU
		{7A28325E-AFC7-45E1-A90F-B9EE7CA8B871}.Release|Any CPU.Build.0 = Release|Any CPU
	EndGlobalSection
EndGlobal
